// !$*UTF8*$!
{
	archiveVersion = 1;
	classes = {
	};
	objectVersion = 56;
	objects = {

/* Begin PBXBuildFile section */
		24B43EB22AF430AB0048F621 /* AddMealScreen.swift in Sources */ = {isa = PBXBuildFile; fileRef = 24B43EB12AF430AB0048F621 /* AddMealScreen.swift */; };
		3F27EB512AF16435000C3AE0 /* TESTApp.swift in Sources */ = {isa = PBXBuildFile; fileRef = 3F27EB502AF16435000C3AE0 /* TESTApp.swift */; };
		3F27EB532AF16435000C3AE0 /* ContentView.swift in Sources */ = {isa = PBXBuildFile; fileRef = 3F27EB522AF16435000C3AE0 /* ContentView.swift */; };
		3F27EB552AF16436000C3AE0 /* Assets.xcassets in Resources */ = {isa = PBXBuildFile; fileRef = 3F27EB542AF16436000C3AE0 /* Assets.xcassets */; };
		3F27EB582AF16436000C3AE0 /* Preview Assets.xcassets in Resources */ = {isa = PBXBuildFile; fileRef = 3F27EB572AF16436000C3AE0 /* Preview Assets.xcassets */; };
		3F27EB622AF16436000C3AE0 /* TESTTests.swift in Sources */ = {isa = PBXBuildFile; fileRef = 3F27EB612AF16436000C3AE0 /* TESTTests.swift */; };
		3F27EB6C2AF16436000C3AE0 /* TESTUITests.swift in Sources */ = {isa = PBXBuildFile; fileRef = 3F27EB6B2AF16436000C3AE0 /* TESTUITests.swift */; };
		3F27EB6E2AF16436000C3AE0 /* TESTUITestsLaunchTests.swift in Sources */ = {isa = PBXBuildFile; fileRef = 3F27EB6D2AF16436000C3AE0 /* TESTUITestsLaunchTests.swift */; };
		3F27EB7F2AF17043000C3AE0 /* Favorites.swift in Sources */ = {isa = PBXBuildFile; fileRef = 3F27EB7E2AF17043000C3AE0 /* Favorites.swift */; };
		D0B7B3A02AF402F700AD24A9 /* WeeklyScreen.swift in Sources */ = {isa = PBXBuildFile; fileRef = D0B7B39F2AF402F700AD24A9 /* WeeklyScreen.swift */; };
/* End PBXBuildFile section */

/* Begin PBXContainerItemProxy section */
		3F27EB5E2AF16436000C3AE0 /* PBXContainerItemProxy */ = {
			isa = PBXContainerItemProxy;
			containerPortal = 3F27EB452AF16435000C3AE0 /* Project object */;
			proxyType = 1;
			remoteGlobalIDString = 3F27EB4C2AF16435000C3AE0;
			remoteInfo = TEST;
		};
		3F27EB682AF16436000C3AE0 /* PBXContainerItemProxy */ = {
			isa = PBXContainerItemProxy;
			containerPortal = 3F27EB452AF16435000C3AE0 /* Project object */;
			proxyType = 1;
			remoteGlobalIDString = 3F27EB4C2AF16435000C3AE0;
			remoteInfo = TEST;
		};
/* End PBXContainerItemProxy section */

/* Begin PBXFileReference section */
		24B43EB12AF430AB0048F621 /* AddMealScreen.swift */ = {isa = PBXFileReference; fileEncoding = 4; lastKnownFileType = sourcecode.swift; path = AddMealScreen.swift; sourceTree = "<group>"; };
		3F27EB4D2AF16435000C3AE0 /* TEST.app */ = {isa = PBXFileReference; explicitFileType = wrapper.application; includeInIndex = 0; path = TEST.app; sourceTree = BUILT_PRODUCTS_DIR; };
		3F27EB502AF16435000C3AE0 /* TESTApp.swift */ = {isa = PBXFileReference; lastKnownFileType = sourcecode.swift; path = TESTApp.swift; sourceTree = "<group>"; };
		3F27EB522AF16435000C3AE0 /* ContentView.swift */ = {isa = PBXFileReference; lastKnownFileType = sourcecode.swift; path = ContentView.swift; sourceTree = "<group>"; };
		3F27EB542AF16436000C3AE0 /* Assets.xcassets */ = {isa = PBXFileReference; lastKnownFileType = folder.assetcatalog; path = Assets.xcassets; sourceTree = "<group>"; };
		3F27EB572AF16436000C3AE0 /* Preview Assets.xcassets */ = {isa = PBXFileReference; lastKnownFileType = folder.assetcatalog; path = "Preview Assets.xcassets"; sourceTree = "<group>"; };
		3F27EB5D2AF16436000C3AE0 /* TESTTests.xctest */ = {isa = PBXFileReference; explicitFileType = wrapper.cfbundle; includeInIndex = 0; path = TESTTests.xctest; sourceTree = BUILT_PRODUCTS_DIR; };
		3F27EB612AF16436000C3AE0 /* TESTTests.swift */ = {isa = PBXFileReference; lastKnownFileType = sourcecode.swift; path = TESTTests.swift; sourceTree = "<group>"; };
		3F27EB672AF16436000C3AE0 /* TESTUITests.xctest */ = {isa = PBXFileReference; explicitFileType = wrapper.cfbundle; includeInIndex = 0; path = TESTUITests.xctest; sourceTree = BUILT_PRODUCTS_DIR; };
		3F27EB6B2AF16436000C3AE0 /* TESTUITests.swift */ = {isa = PBXFileReference; lastKnownFileType = sourcecode.swift; path = TESTUITests.swift; sourceTree = "<group>"; };
		3F27EB6D2AF16436000C3AE0 /* TESTUITestsLaunchTests.swift */ = {isa = PBXFileReference; lastKnownFileType = sourcecode.swift; path = TESTUITestsLaunchTests.swift; sourceTree = "<group>"; };
		3F27EB7E2AF17043000C3AE0 /* Favorites.swift */ = {isa = PBXFileReference; lastKnownFileType = sourcecode.swift; path = Favorites.swift; sourceTree = "<group>"; };
		D0B7B39F2AF402F700AD24A9 /* WeeklyScreen.swift */ = {isa = PBXFileReference; lastKnownFileType = sourcecode.swift; path = WeeklyScreen.swift; sourceTree = "<group>"; };
/* End PBXFileReference section */

/* Begin PBXFrameworksBuildPhase section */
		3F27EB4A2AF16435000C3AE0 /* Frameworks */ = {
			isa = PBXFrameworksBuildPhase;
			buildActionMask = 2147483647;
			files = (
			);
			runOnlyForDeploymentPostprocessing = 0;
		};
		3F27EB5A2AF16436000C3AE0 /* Frameworks */ = {
			isa = PBXFrameworksBuildPhase;
			buildActionMask = 2147483647;
			files = (
			);
			runOnlyForDeploymentPostprocessing = 0;
		};
		3F27EB642AF16436000C3AE0 /* Frameworks */ = {
			isa = PBXFrameworksBuildPhase;
			buildActionMask = 2147483647;
			files = (
			);
			runOnlyForDeploymentPostprocessing = 0;
		};
/* End PBXFrameworksBuildPhase section */

/* Begin PBXGroup section */
		3F27EB442AF16435000C3AE0 = {
			isa = PBXGroup;
			children = (
				3F27EB4F2AF16435000C3AE0 /* TEST */,
				3F27EB602AF16436000C3AE0 /* TESTTests */,
				3F27EB6A2AF16436000C3AE0 /* TESTUITests */,
				3F27EB4E2AF16435000C3AE0 /* Products */,
			);
			sourceTree = "<group>";
		};
		3F27EB4E2AF16435000C3AE0 /* Products */ = {
			isa = PBXGroup;
			children = (
				3F27EB4D2AF16435000C3AE0 /* TEST.app */,
				3F27EB5D2AF16436000C3AE0 /* TESTTests.xctest */,
				3F27EB672AF16436000C3AE0 /* TESTUITests.xctest */,
			);
			name = Products;
			sourceTree = "<group>";
		};
		3F27EB4F2AF16435000C3AE0 /* TEST */ = {
			isa = PBXGroup;
			children = (
				3F27EB502AF16435000C3AE0 /* TESTApp.swift */,
				3F27EB522AF16435000C3AE0 /* ContentView.swift */,
				3F27EB7E2AF17043000C3AE0 /* Favorites.swift */,
				D0B7B39F2AF402F700AD24A9 /* WeeklyScreen.swift */,
				24B43EB12AF430AB0048F621 /* AddMealScreen.swift */,
				3F27EB542AF16436000C3AE0 /* Assets.xcassets */,
				3F27EB562AF16436000C3AE0 /* Preview Content */,
			);
			path = TEST;
			sourceTree = "<group>";
		};
		3F27EB562AF16436000C3AE0 /* Preview Content */ = {
			isa = PBXGroup;
			children = (
				3F27EB572AF16436000C3AE0 /* Preview Assets.xcassets */,
			);
			path = "Preview Content";
			sourceTree = "<group>";
		};
		3F27EB602AF16436000C3AE0 /* TESTTests */ = {
			isa = PBXGroup;
			children = (
				3F27EB612AF16436000C3AE0 /* TESTTests.swift */,
			);
			path = TESTTests;
			sourceTree = "<group>";
		};
		3F27EB6A2AF16436000C3AE0 /* TESTUITests */ = {
			isa = PBXGroup;
			children = (
				3F27EB6B2AF16436000C3AE0 /* TESTUITests.swift */,
				3F27EB6D2AF16436000C3AE0 /* TESTUITestsLaunchTests.swift */,
			);
			path = TESTUITests;
			sourceTree = "<group>";
		};
/* End PBXGroup section */

/* Begin PBXNativeTarget section */
		3F27EB4C2AF16435000C3AE0 /* TEST */ = {
			isa = PBXNativeTarget;
			buildConfigurationList = 3F27EB712AF16436000C3AE0 /* Build configuration list for PBXNativeTarget "TEST" */;
			buildPhases = (
				3F27EB492AF16435000C3AE0 /* Sources */,
				3F27EB4A2AF16435000C3AE0 /* Frameworks */,
				3F27EB4B2AF16435000C3AE0 /* Resources */,
			);
			buildRules = (
			);
			dependencies = (
			);
			name = TEST;
			productName = TEST;
			productReference = 3F27EB4D2AF16435000C3AE0 /* TEST.app */;
			productType = "com.apple.product-type.application";
		};
		3F27EB5C2AF16436000C3AE0 /* TESTTests */ = {
			isa = PBXNativeTarget;
			buildConfigurationList = 3F27EB742AF16436000C3AE0 /* Build configuration list for PBXNativeTarget "TESTTests" */;
			buildPhases = (
				3F27EB592AF16436000C3AE0 /* Sources */,
				3F27EB5A2AF16436000C3AE0 /* Frameworks */,
				3F27EB5B2AF16436000C3AE0 /* Resources */,
			);
			buildRules = (
			);
			dependencies = (
				3F27EB5F2AF16436000C3AE0 /* PBXTargetDependency */,
			);
			name = TESTTests;
			productName = TESTTests;
			productReference = 3F27EB5D2AF16436000C3AE0 /* TESTTests.xctest */;
			productType = "com.apple.product-type.bundle.unit-test";
		};
		3F27EB662AF16436000C3AE0 /* TESTUITests */ = {
			isa = PBXNativeTarget;
			buildConfigurationList = 3F27EB772AF16436000C3AE0 /* Build configuration list for PBXNativeTarget "TESTUITests" */;
			buildPhases = (
				3F27EB632AF16436000C3AE0 /* Sources */,
				3F27EB642AF16436000C3AE0 /* Frameworks */,
				3F27EB652AF16436000C3AE0 /* Resources */,
			);
			buildRules = (
			);
			dependencies = (
				3F27EB692AF16436000C3AE0 /* PBXTargetDependency */,
			);
			name = TESTUITests;
			productName = TESTUITests;
			productReference = 3F27EB672AF16436000C3AE0 /* TESTUITests.xctest */;
			productType = "com.apple.product-type.bundle.ui-testing";
		};
/* End PBXNativeTarget section */

/* Begin PBXProject section */
		3F27EB452AF16435000C3AE0 /* Project object */ = {
			isa = PBXProject;
			attributes = {
				BuildIndependentTargetsInParallel = 1;
				LastSwiftUpdateCheck = 1430;
				LastUpgradeCheck = 1430;
				TargetAttributes = {
					3F27EB4C2AF16435000C3AE0 = {
						CreatedOnToolsVersion = 14.3.1;
					};
					3F27EB5C2AF16436000C3AE0 = {
						CreatedOnToolsVersion = 14.3.1;
						TestTargetID = 3F27EB4C2AF16435000C3AE0;
					};
					3F27EB662AF16436000C3AE0 = {
						CreatedOnToolsVersion = 14.3.1;
						TestTargetID = 3F27EB4C2AF16435000C3AE0;
					};
				};
			};
			buildConfigurationList = 3F27EB482AF16435000C3AE0 /* Build configuration list for PBXProject "TEST" */;
			compatibilityVersion = "Xcode 14.0";
			developmentRegion = en;
			hasScannedForEncodings = 0;
			knownRegions = (
				en,
				Base,
			);
			mainGroup = 3F27EB442AF16435000C3AE0;
			productRefGroup = 3F27EB4E2AF16435000C3AE0 /* Products */;
			projectDirPath = "";
			projectRoot = "";
			targets = (
				3F27EB4C2AF16435000C3AE0 /* TEST */,
				3F27EB5C2AF16436000C3AE0 /* TESTTests */,
				3F27EB662AF16436000C3AE0 /* TESTUITests */,
			);
		};
/* End PBXProject section */

/* Begin PBXResourcesBuildPhase section */
		3F27EB4B2AF16435000C3AE0 /* Resources */ = {
			isa = PBXResourcesBuildPhase;
			buildActionMask = 2147483647;
			files = (
				3F27EB582AF16436000C3AE0 /* Preview Assets.xcassets in Resources */,
				3F27EB552AF16436000C3AE0 /* Assets.xcassets in Resources */,
			);
			runOnlyForDeploymentPostprocessing = 0;
		};
		3F27EB5B2AF16436000C3AE0 /* Resources */ = {
			isa = PBXResourcesBuildPhase;
			buildActionMask = 2147483647;
			files = (
			);
			runOnlyForDeploymentPostprocessing = 0;
		};
		3F27EB652AF16436000C3AE0 /* Resources */ = {
			isa = PBXResourcesBuildPhase;
			buildActionMask = 2147483647;
			files = (
			);
			runOnlyForDeploymentPostprocessing = 0;
		};
/* End PBXResourcesBuildPhase section */

/* Begin PBXSourcesBuildPhase section */
		3F27EB492AF16435000C3AE0 /* Sources */ = {
			isa = PBXSourcesBuildPhase;
			buildActionMask = 2147483647;
			files = (
				24B43EB22AF430AB0048F621 /* AddMealScreen.swift in Sources */,
				3F27EB7F2AF17043000C3AE0 /* Favorites.swift in Sources */,
				3F27EB532AF16435000C3AE0 /* ContentView.swift in Sources */,
				D0B7B3A02AF402F700AD24A9 /* WeeklyScreen.swift in Sources */,
				3F27EB512AF16435000C3AE0 /* TESTApp.swift in Sources */,
			);
			runOnlyForDeploymentPostprocessing = 0;
		};
		3F27EB592AF16436000C3AE0 /* Sources */ = {
			isa = PBXSourcesBuildPhase;
			buildActionMask = 2147483647;
			files = (
				3F27EB622AF16436000C3AE0 /* TESTTests.swift in Sources */,
			);
			runOnlyForDeploymentPostprocessing = 0;
		};
		3F27EB632AF16436000C3AE0 /* Sources */ = {
			isa = PBXSourcesBuildPhase;
			buildActionMask = 2147483647;
			files = (
				3F27EB6E2AF16436000C3AE0 /* TESTUITestsLaunchTests.swift in Sources */,
				3F27EB6C2AF16436000C3AE0 /* TESTUITests.swift in Sources */,
			);
			runOnlyForDeploymentPostprocessing = 0;
		};
/* End PBXSourcesBuildPhase section */

/* Begin PBXTargetDependency section */
		3F27EB5F2AF16436000C3AE0 /* PBXTargetDependency */ = {
			isa = PBXTargetDependency;
			target = 3F27EB4C2AF16435000C3AE0 /* TEST */;
			targetProxy = 3F27EB5E2AF16436000C3AE0 /* PBXContainerItemProxy */;
		};
		3F27EB692AF16436000C3AE0 /* PBXTargetDependency */ = {
			isa = PBXTargetDependency;
			target = 3F27EB4C2AF16435000C3AE0 /* TEST */;
			targetProxy = 3F27EB682AF16436000C3AE0 /* PBXContainerItemProxy */;
		};
/* End PBXTargetDependency section */

/* Begin XCBuildConfiguration section */
		3F27EB6F2AF16436000C3AE0 /* Debug */ = {
			isa = XCBuildConfiguration;
			buildSettings = {
				ALWAYS_SEARCH_USER_PATHS = NO;
				CLANG_ANALYZER_NONNULL = YES;
				CLANG_ANALYZER_NUMBER_OBJECT_CONVERSION = YES_AGGRESSIVE;
				CLANG_CXX_LANGUAGE_STANDARD = "gnu++20";
				CLANG_ENABLE_MODULES = YES;
				CLANG_ENABLE_OBJC_ARC = YES;
				CLANG_ENABLE_OBJC_WEAK = YES;
				CLANG_WARN_BLOCK_CAPTURE_AUTORELEASING = YES;
				CLANG_WARN_BOOL_CONVERSION = YES;
				CLANG_WARN_COMMA = YES;
				CLANG_WARN_CONSTANT_CONVERSION = YES;
				CLANG_WARN_DEPRECATED_OBJC_IMPLEMENTATIONS = YES;
				CLANG_WARN_DIRECT_OBJC_ISA_USAGE = YES_ERROR;
				CLANG_WARN_DOCUMENTATION_COMMENTS = YES;
				CLANG_WARN_EMPTY_BODY = YES;
				CLANG_WARN_ENUM_CONVERSION = YES;
				CLANG_WARN_INFINITE_RECURSION = YES;
				CLANG_WARN_INT_CONVERSION = YES;
				CLANG_WARN_NON_LITERAL_NULL_CONVERSION = YES;
				CLANG_WARN_OBJC_IMPLICIT_RETAIN_SELF = YES;
				CLANG_WARN_OBJC_LITERAL_CONVERSION = YES;
				CLANG_WARN_OBJC_ROOT_CLASS = YES_ERROR;
				CLANG_WARN_QUOTED_INCLUDE_IN_FRAMEWORK_HEADER = YES;
				CLANG_WARN_RANGE_LOOP_ANALYSIS = YES;
				CLANG_WARN_STRICT_PROTOTYPES = YES;
				CLANG_WARN_SUSPICIOUS_MOVE = YES;
				CLANG_WARN_UNGUARDED_AVAILABILITY = YES_AGGRESSIVE;
				CLANG_WARN_UNREACHABLE_CODE = YES;
				CLANG_WARN__DUPLICATE_METHOD_MATCH = YES;
				COPY_PHASE_STRIP = NO;
				DEBUG_INFORMATION_FORMAT = dwarf;
				ENABLE_STRICT_OBJC_MSGSEND = YES;
				ENABLE_TESTABILITY = YES;
				GCC_C_LANGUAGE_STANDARD = gnu11;
				GCC_DYNAMIC_NO_PIC = NO;
				GCC_NO_COMMON_BLOCKS = YES;
				GCC_OPTIMIZATION_LEVEL = 0;
				GCC_PREPROCESSOR_DEFINITIONS = (
					"DEBUG=1",
					"$(inherited)",
				);
				GCC_WARN_64_TO_32_BIT_CONVERSION = YES;
				GCC_WARN_ABOUT_RETURN_TYPE = YES_ERROR;
				GCC_WARN_UNDECLARED_SELECTOR = YES;
				GCC_WARN_UNINITIALIZED_AUTOS = YES_AGGRESSIVE;
				GCC_WARN_UNUSED_FUNCTION = YES;
				GCC_WARN_UNUSED_VARIABLE = YES;
				IPHONEOS_DEPLOYMENT_TARGET = 16.4;
				MTL_ENABLE_DEBUG_INFO = INCLUDE_SOURCE;
				MTL_FAST_MATH = YES;
				ONLY_ACTIVE_ARCH = YES;
				SDKROOT = iphoneos;
				SWIFT_ACTIVE_COMPILATION_CONDITIONS = DEBUG;
				SWIFT_OPTIMIZATION_LEVEL = "-Onone";
			};
			name = Debug;
		};
		3F27EB702AF16436000C3AE0 /* Release */ = {
			isa = XCBuildConfiguration;
			buildSettings = {
				ALWAYS_SEARCH_USER_PATHS = NO;
				CLANG_ANALYZER_NONNULL = YES;
				CLANG_ANALYZER_NUMBER_OBJECT_CONVERSION = YES_AGGRESSIVE;
				CLANG_CXX_LANGUAGE_STANDARD = "gnu++20";
				CLANG_ENABLE_MODULES = YES;
				CLANG_ENABLE_OBJC_ARC = YES;
				CLANG_ENABLE_OBJC_WEAK = YES;
				CLANG_WARN_BLOCK_CAPTURE_AUTORELEASING = YES;
				CLANG_WARN_BOOL_CONVERSION = YES;
				CLANG_WARN_COMMA = YES;
				CLANG_WARN_CONSTANT_CONVERSION = YES;
				CLANG_WARN_DEPRECATED_OBJC_IMPLEMENTATIONS = YES;
				CLANG_WARN_DIRECT_OBJC_ISA_USAGE = YES_ERROR;
				CLANG_WARN_DOCUMENTATION_COMMENTS = YES;
				CLANG_WARN_EMPTY_BODY = YES;
				CLANG_WARN_ENUM_CONVERSION = YES;
				CLANG_WARN_INFINITE_RECURSION = YES;
				CLANG_WARN_INT_CONVERSION = YES;
				CLANG_WARN_NON_LITERAL_NULL_CONVERSION = YES;
				CLANG_WARN_OBJC_IMPLICIT_RETAIN_SELF = YES;
				CLANG_WARN_OBJC_LITERAL_CONVERSION = YES;
				CLANG_WARN_OBJC_ROOT_CLASS = YES_ERROR;
				CLANG_WARN_QUOTED_INCLUDE_IN_FRAMEWORK_HEADER = YES;
				CLANG_WARN_RANGE_LOOP_ANALYSIS = YES;
				CLANG_WARN_STRICT_PROTOTYPES = YES;
				CLANG_WARN_SUSPICIOUS_MOVE = YES;
				CLANG_WARN_UNGUARDED_AVAILABILITY = YES_AGGRESSIVE;
				CLANG_WARN_UNREACHABLE_CODE = YES;
				CLANG_WARN__DUPLICATE_METHOD_MATCH = YES;
				COPY_PHASE_STRIP = NO;
				DEBUG_INFORMATION_FORMAT = "dwarf-with-dsym";
				ENABLE_NS_ASSERTIONS = NO;
				ENABLE_STRICT_OBJC_MSGSEND = YES;
				GCC_C_LANGUAGE_STANDARD = gnu11;
				GCC_NO_COMMON_BLOCKS = YES;
				GCC_WARN_64_TO_32_BIT_CONVERSION = YES;
				GCC_WARN_ABOUT_RETURN_TYPE = YES_ERROR;
				GCC_WARN_UNDECLARED_SELECTOR = YES;
				GCC_WARN_UNINITIALIZED_AUTOS = YES_AGGRESSIVE;
				GCC_WARN_UNUSED_FUNCTION = YES;
				GCC_WARN_UNUSED_VARIABLE = YES;
				IPHONEOS_DEPLOYMENT_TARGET = 16.4;
				MTL_ENABLE_DEBUG_INFO = NO;
				MTL_FAST_MATH = YES;
				SDKROOT = iphoneos;
				SWIFT_COMPILATION_MODE = wholemodule;
				SWIFT_OPTIMIZATION_LEVEL = "-O";
				VALIDATE_PRODUCT = YES;
			};
			name = Release;
		};
		3F27EB722AF16436000C3AE0 /* Debug */ = {
			isa = XCBuildConfiguration;
			buildSettings = {
				ASSETCATALOG_COMPILER_APPICON_NAME = AppIcon;
				ASSETCATALOG_COMPILER_GLOBAL_ACCENT_COLOR_NAME = AccentColor;
				CODE_SIGN_STYLE = Automatic;
				CURRENT_PROJECT_VERSION = 1;
				DEVELOPMENT_ASSET_PATHS = "\"TEST/Preview Content\"";
				DEVELOPMENT_TEAM = PHD7ZC68BL;
				ENABLE_PREVIEWS = YES;
				GENERATE_INFOPLIST_FILE = YES;
				INFOPLIST_KEY_UIApplicationSceneManifest_Generation = YES;
				INFOPLIST_KEY_UIApplicationSupportsIndirectInputEvents = YES;
				INFOPLIST_KEY_UILaunchScreen_Generation = YES;
				INFOPLIST_KEY_UISupportedInterfaceOrientations_iPad = "UIInterfaceOrientationPortrait UIInterfaceOrientationPortraitUpsideDown UIInterfaceOrientationLandscapeLeft UIInterfaceOrientationLandscapeRight";
				INFOPLIST_KEY_UISupportedInterfaceOrientations_iPhone = "UIInterfaceOrientationPortrait UIInterfaceOrientationLandscapeLeft UIInterfaceOrientationLandscapeRight";
				LD_RUNPATH_SEARCH_PATHS = (
					"$(inherited)",
					"@executable_path/Frameworks",
				);
				MARKETING_VERSION = 1.0;
				PRODUCT_BUNDLE_IDENTIFIER = app.TEST.TEST;
				PRODUCT_NAME = "$(TARGET_NAME)";
				SWIFT_EMIT_LOC_STRINGS = YES;
				SWIFT_VERSION = 5.0;
				TARGETED_DEVICE_FAMILY = "1,2";
			};
			name = Debug;
		};
		3F27EB732AF16436000C3AE0 /* Release */ = {
			isa = XCBuildConfiguration;
			buildSettings = {
				ASSETCATALOG_COMPILER_APPICON_NAME = AppIcon;
				ASSETCATALOG_COMPILER_GLOBAL_ACCENT_COLOR_NAME = AccentColor;
				CODE_SIGN_STYLE = Automatic;
				CURRENT_PROJECT_VERSION = 1;
				DEVELOPMENT_ASSET_PATHS = "\"TEST/Preview Content\"";
				DEVELOPMENT_TEAM = PHD7ZC68BL;
				ENABLE_PREVIEWS = YES;
				GENERATE_INFOPLIST_FILE = YES;
				INFOPLIST_KEY_UIApplicationSceneManifest_Generation = YES;
				INFOPLIST_KEY_UIApplicationSupportsIndirectInputEvents = YES;
				INFOPLIST_KEY_UILaunchScreen_Generation = YES;
				INFOPLIST_KEY_UISupportedInterfaceOrientations_iPad = "UIInterfaceOrientationPortrait UIInterfaceOrientationPortraitUpsideDown UIInterfaceOrientationLandscapeLeft UIInterfaceOrientationLandscapeRight";
				INFOPLIST_KEY_UISupportedInterfaceOrientations_iPhone = "UIInterfaceOrientationPortrait UIInterfaceOrientationLandscapeLeft UIInterfaceOrientationLandscapeRight";
				LD_RUNPATH_SEARCH_PATHS = (
					"$(inherited)",
					"@executable_path/Frameworks",
				);
				MARKETING_VERSION = 1.0;
				PRODUCT_BUNDLE_IDENTIFIER = app.TEST.TEST;
				PRODUCT_NAME = "$(TARGET_NAME)";
				SWIFT_EMIT_LOC_STRINGS = YES;
				SWIFT_VERSION = 5.0;
				TARGETED_DEVICE_FAMILY = "1,2";
			};
			name = Release;
		};
		3F27EB752AF16436000C3AE0 /* Debug */ = {
			isa = XCBuildConfiguration;
			buildSettings = {
				ALWAYS_EMBED_SWIFT_STANDARD_LIBRARIES = YES;
				BUNDLE_LOADER = "$(TEST_HOST)";
				CODE_SIGN_STYLE = Automatic;
				CURRENT_PROJECT_VERSION = 1;
				DEVELOPMENT_TEAM = PHD7ZC68BL;
				GENERATE_INFOPLIST_FILE = YES;
				IPHONEOS_DEPLOYMENT_TARGET = 16.4;
				MARKETING_VERSION = 1.0;
				PRODUCT_BUNDLE_IDENTIFIER = app.TEST.TESTTests;
				PRODUCT_NAME = "$(TARGET_NAME)";
				SWIFT_EMIT_LOC_STRINGS = NO;
				SWIFT_VERSION = 5.0;
				TARGETED_DEVICE_FAMILY = "1,2";
				TEST_HOST = "$(BUILT_PRODUCTS_DIR)/TEST.app/$(BUNDLE_EXECUTABLE_FOLDER_PATH)/TEST";
			};
			name = Debug;
		};
		3F27EB762AF16436000C3AE0 /* Release */ = {
			isa = XCBuildConfiguration;
			buildSettings = {
				ALWAYS_EMBED_SWIFT_STANDARD_LIBRARIES = YES;
				BUNDLE_LOADER = "$(TEST_HOST)";
				CODE_SIGN_STYLE = Automatic;
				CURRENT_PROJECT_VERSION = 1;
				DEVELOPMENT_TEAM = PHD7ZC68BL;
				GENERATE_INFOPLIST_FILE = YES;
				IPHONEOS_DEPLOYMENT_TARGET = 16.4;
				MARKETING_VERSION = 1.0;
				PRODUCT_BUNDLE_IDENTIFIER = app.TEST.TESTTests;
				PRODUCT_NAME = "$(TARGET_NAME)";
				SWIFT_EMIT_LOC_STRINGS = NO;
				SWIFT_VERSION = 5.0;
				TARGETED_DEVICE_FAMILY = "1,2";
				TEST_HOST = "$(BUILT_PRODUCTS_DIR)/TEST.app/$(BUNDLE_EXECUTABLE_FOLDER_PATH)/TEST";
			};
			name = Release;
		};
		3F27EB782AF16436000C3AE0 /* Debug */ = {
			isa = XCBuildConfiguration;
			buildSettings = {
				ALWAYS_EMBED_SWIFT_STANDARD_LIBRARIES = YES;
				CODE_SIGN_STYLE = Automatic;
				CURRENT_PROJECT_VERSION = 1;
				DEVELOPMENT_TEAM = PHD7ZC68BL;
				GENERATE_INFOPLIST_FILE = YES;
				MARKETING_VERSION = 1.0;
				PRODUCT_BUNDLE_IDENTIFIER = app.TEST.TESTUITests;
				PRODUCT_NAME = "$(TARGET_NAME)";
				SWIFT_EMIT_LOC_STRINGS = NO;
				SWIFT_VERSION = 5.0;
				TARGETED_DEVICE_FAMILY = "1,2";
				TEST_TARGET_NAME = TEST;
			};
			name = Debug;
		};
		3F27EB792AF16436000C3AE0 /* Release */ = {
			isa = XCBuildConfiguration;
			buildSettings = {
				ALWAYS_EMBED_SWIFT_STANDARD_LIBRARIES = YES;
				CODE_SIGN_STYLE = Automatic;
				CURRENT_PROJECT_VERSION = 1;
				DEVELOPMENT_TEAM = PHD7ZC68BL;
				GENERATE_INFOPLIST_FILE = YES;
				MARKETING_VERSION = 1.0;
				PRODUCT_BUNDLE_IDENTIFIER = app.TEST.TESTUITests;
				PRODUCT_NAME = "$(TARGET_NAME)";
				SWIFT_EMIT_LOC_STRINGS = NO;
				SWIFT_VERSION = 5.0;
				TARGETED_DEVICE_FAMILY = "1,2";
				TEST_TARGET_NAME = TEST;
			};
			name = Release;
		};
/* End XCBuildConfiguration section */

/* Begin XCConfigurationList section */
		3F27EB482AF16435000C3AE0 /* Build configuration list for PBXProject "TEST" */ = {
			isa = XCConfigurationList;
			buildConfigurations = (
				3F27EB6F2AF16436000C3AE0 /* Debug */,
				3F27EB702AF16436000C3AE0 /* Release */,
			);
			defaultConfigurationIsVisible = 0;
			defaultConfigurationName = Release;
		};
		3F27EB712AF16436000C3AE0 /* Build configuration list for PBXNativeTarget "TEST" */ = {
			isa = XCConfigurationList;
			buildConfigurations = (
				3F27EB722AF16436000C3AE0 /* Debug */,
				3F27EB732AF16436000C3AE0 /* Release */,
			);
			defaultConfigurationIsVisible = 0;
			defaultConfigurationName = Release;
		};
		3F27EB742AF16436000C3AE0 /* Build configuration list for PBXNativeTarget "TESTTests" */ = {
			isa = XCConfigurationList;
			buildConfigurations = (
				3F27EB752AF16436000C3AE0 /* Debug */,
				3F27EB762AF16436000C3AE0 /* Release */,
			);
			defaultConfigurationIsVisible = 0;
			defaultConfigurationName = Release;
		};
		3F27EB772AF16436000C3AE0 /* Build configuration list for PBXNativeTarget "TESTUITests" */ = {
			isa = XCConfigurationList;
			buildConfigurations = (
				3F27EB782AF16436000C3AE0 /* Debug */,
				3F27EB792AF16436000C3AE0 /* Release */,
			);
			defaultConfigurationIsVisible = 0;
			defaultConfigurationName = Release;
		};
/* End XCConfigurationList section */
	};
	rootObject = 3F27EB452AF16435000C3AE0 /* Project object */;
}
